PODS:
  - AEXML (4.3.0)
  - Alamofire (4.7.2)
  - Charts (3.1.1):
    - Charts/Core (= 3.1.1)
  - Charts/Core (3.1.1)
  - StringExtensionHTML (1.0.2)
  - SWXMLHash (4.0.0)

DEPENDENCIES:
  - AEXML
  - Alamofire (~> 4.7)
  - Charts
  - StringExtensionHTML
  - SWXMLHash (~> 4.0.0)

SPEC REPOS:
  https://github.com/CocoaPods/Specs.git:
    - AEXML
    - Alamofire
    - Charts
    - StringExtensionHTML
    - SWXMLHash

SPEC CHECKSUMS:
  AEXML: bae92c01e0da64132fd72f748721cda07466032b
  Alamofire: e4fa87002c137ba2d8d634d2c51fabcda0d5c223
  Charts: 90a4d61da0f6e06684c591e3bcab11940fe61736
  StringExtensionHTML: 856dcc0c705012ae2f9c29c7413b015b82133e52
  SWXMLHash: 6bbc0bf72975a18ceda469fb7d6a886a26d81694

PODFILE CHECKSUM: 953c4cd04937986d7a9274f30005d511c21b6c5e

COCOAPODS: 1.5.0
